// !$*UTF8*$!
{
	archiveVersion = 1;
	classes = {
	};
	objectVersion = 48;
	objects = {

/* Begin PBXBuildFile section */
		1881704B1FFCCE0500A6F672 /* AppDelegate.m in Sources */ = {isa = PBXBuildFile; fileRef = 1881704A1FFCCE0500A6F672 /* AppDelegate.m */; };
		1881704E1FFCCE0500A6F672 /* ViewController.m in Sources */ = {isa = PBXBuildFile; fileRef = 1881704D1FFCCE0500A6F672 /* ViewController.m */; };
		188170511FFCCE0500A6F672 /* Main.storyboard in Resources */ = {isa = PBXBuildFile; fileRef = 1881704F1FFCCE0500A6F672 /* Main.storyboard */; };
		188170531FFCCE0500A6F672 /* Assets.xcassets in Resources */ = {isa = PBXBuildFile; fileRef = 188170521FFCCE0500A6F672 /* Assets.xcassets */; };
		188170561FFCCE0500A6F672 /* LaunchScreen.storyboard in Resources */ = {isa = PBXBuildFile; fileRef = 188170541FFCCE0500A6F672 /* LaunchScreen.storyboard */; };
		188170591FFCCE0500A6F672 /* main.m in Sources */ = {isa = PBXBuildFile; fileRef = 188170581FFCCE0500A6F672 /* main.m */; };
		188170631FFCCE0600A6F672 /* XHSSLayoutToolTests.m in Sources */ = {isa = PBXBuildFile; fileRef = 188170621FFCCE0600A6F672 /* XHSSLayoutToolTests.m */; };
		1881706E1FFCCE0600A6F672 /* XHSSLayoutToolUITests.m in Sources */ = {isa = PBXBuildFile; fileRef = 1881706D1FFCCE0600A6F672 /* XHSSLayoutToolUITests.m */; };
		188170801FFCCE3B00A6F672 /* UIView+XHSSFrameTool.m in Sources */ = {isa = PBXBuildFile; fileRef = 1881707D1FFCCE3B00A6F672 /* UIView+XHSSFrameTool.m */; };
		188170811FFCCE3B00A6F672 /* UIView+XHSSLayoutTool.m in Sources */ = {isa = PBXBuildFile; fileRef = 1881707F1FFCCE3B00A6F672 /* UIView+XHSSLayoutTool.m */; };
/* End PBXBuildFile section */

/* Begin PBXContainerItemProxy section */
		1881705F1FFCCE0500A6F672 /* PBXContainerItemProxy */ = {
			isa = PBXContainerItemProxy;
			containerPortal = 1881703E1FFCCE0500A6F672 /* Project object */;
			proxyType = 1;
			remoteGlobalIDString = 188170451FFCCE0500A6F672;
			remoteInfo = XHSSLayoutTool;
		};
		1881706A1FFCCE0600A6F672 /* PBXContainerItemProxy */ = {
			isa = PBXContainerItemProxy;
			containerPortal = 1881703E1FFCCE0500A6F672 /* Project object */;
			proxyType = 1;
			remoteGlobalIDString = 188170451FFCCE0500A6F672;
			remoteInfo = XHSSLayoutTool;
		};
/* End PBXContainerItemProxy section */

/* Begin PBXFileReference section */
		188170461FFCCE0500A6F672 /* XHSSLayoutTool.app */ = {isa = PBXFileReference; explicitFileType = wrapper.application; includeInIndex = 0; path = XHSSLayoutTool.app; sourceTree = BUILT_PRODUCTS_DIR; };
		188170491FFCCE0500A6F672 /* AppDelegate.h */ = {isa = PBXFileReference; lastKnownFileType = sourcecode.c.h; path = AppDelegate.h; sourceTree = "<group>"; };
		1881704A1FFCCE0500A6F672 /* AppDelegate.m */ = {isa = PBXFileReference; lastKnownFileType = sourcecode.c.objc; path = AppDelegate.m; sourceTree = "<group>"; };
		1881704C1FFCCE0500A6F672 /* ViewController.h */ = {isa = PBXFileReference; lastKnownFileType = sourcecode.c.h; path = ViewController.h; sourceTree = "<group>"; };
		1881704D1FFCCE0500A6F672 /* ViewController.m */ = {isa = PBXFileReference; lastKnownFileType = sourcecode.c.objc; path = ViewController.m; sourceTree = "<group>"; };
		188170501FFCCE0500A6F672 /* Base */ = {isa = PBXFileReference; lastKnownFileType = file.storyboard; name = Base; path = Base.lproj/Main.storyboard; sourceTree = "<group>"; };
		188170521FFCCE0500A6F672 /* Assets.xcassets */ = {isa = PBXFileReference; lastKnownFileType = folder.assetcatalog; path = Assets.xcassets; sourceTree = "<group>"; };
		188170551FFCCE0500A6F672 /* Base */ = {isa = PBXFileReference; lastKnownFileType = file.storyboard; name = Base; path = Base.lproj/LaunchScreen.storyboard; sourceTree = "<group>"; };
		188170571FFCCE0500A6F672 /* Info.plist */ = {isa = PBXFileReference; lastKnownFileType = text.plist.xml; path = Info.plist; sourceTree = "<group>"; };
		188170581FFCCE0500A6F672 /* main.m */ = {isa = PBXFileReference; lastKnownFileType = sourcecode.c.objc; path = main.m; sourceTree = "<group>"; };
		1881705E1FFCCE0500A6F672 /* XHSSLayoutToolTests.xctest */ = {isa = PBXFileReference; explicitFileType = wrapper.cfbundle; includeInIndex = 0; path = XHSSLayoutToolTests.xctest; sourceTree = BUILT_PRODUCTS_DIR; };
		188170621FFCCE0600A6F672 /* XHSSLayoutToolTests.m */ = {isa = PBXFileReference; lastKnownFileType = sourcecode.c.objc; path = XHSSLayoutToolTests.m; sourceTree = "<group>"; };
		188170641FFCCE0600A6F672 /* Info.plist */ = {isa = PBXFileReference; lastKnownFileType = text.plist.xml; path = Info.plist; sourceTree = "<group>"; };
		188170691FFCCE0600A6F672 /* XHSSLayoutToolUITests.xctest */ = {isa = PBXFileReference; explicitFileType = wrapper.cfbundle; includeInIndex = 0; path = XHSSLayoutToolUITests.xctest; sourceTree = BUILT_PRODUCTS_DIR; };
		1881706D1FFCCE0600A6F672 /* XHSSLayoutToolUITests.m */ = {isa = PBXFileReference; lastKnownFileType = sourcecode.c.objc; path = XHSSLayoutToolUITests.m; sourceTree = "<group>"; };
		1881706F1FFCCE0600A6F672 /* Info.plist */ = {isa = PBXFileReference; lastKnownFileType = text.plist.xml; path = Info.plist; sourceTree = "<group>"; };
		1881707C1FFCCE3B00A6F672 /* UIView+XHSSFrameTool.h */ = {isa = PBXFileReference; fileEncoding = 4; lastKnownFileType = sourcecode.c.h; path = "UIView+XHSSFrameTool.h"; sourceTree = "<group>"; };
		1881707D1FFCCE3B00A6F672 /* UIView+XHSSFrameTool.m */ = {isa = PBXFileReference; fileEncoding = 4; lastKnownFileType = sourcecode.c.objc; path = "UIView+XHSSFrameTool.m"; sourceTree = "<group>"; };
		1881707E1FFCCE3B00A6F672 /* UIView+XHSSLayoutTool.h */ = {isa = PBXFileReference; fileEncoding = 4; lastKnownFileType = sourcecode.c.h; path = "UIView+XHSSLayoutTool.h"; sourceTree = "<group>"; };
		1881707F1FFCCE3B00A6F672 /* UIView+XHSSLayoutTool.m */ = {isa = PBXFileReference; fileEncoding = 4; lastKnownFileType = sourcecode.c.objc; path = "UIView+XHSSLayoutTool.m"; sourceTree = "<group>"; };
/* End PBXFileReference section */

/* Begin PBXFrameworksBuildPhase section */
		188170431FFCCE0500A6F672 /* Frameworks */ = {
			isa = PBXFrameworksBuildPhase;
			buildActionMask = 2147483647;
			files = (
			);
			runOnlyForDeploymentPostprocessing = 0;
		};
		1881705B1FFCCE0500A6F672 /* Frameworks */ = {
			isa = PBXFrameworksBuildPhase;
			buildActionMask = 2147483647;
			files = (
			);
			runOnlyForDeploymentPostprocessing = 0;
		};
		188170661FFCCE0600A6F672 /* Frameworks */ = {
			isa = PBXFrameworksBuildPhase;
			buildActionMask = 2147483647;
			files = (
			);
			runOnlyForDeploymentPostprocessing = 0;
		};
/* End PBXFrameworksBuildPhase section */

/* Begin PBXGroup section */
		1881703D1FFCCE0500A6F672 = {
			isa = PBXGroup;
			children = (
				188170481FFCCE0500A6F672 /* XHSSLayoutTool */,
				188170611FFCCE0600A6F672 /* XHSSLayoutToolTests */,
				1881706C1FFCCE0600A6F672 /* XHSSLayoutToolUITests */,
				188170471FFCCE0500A6F672 /* Products */,
			);
			sourceTree = "<group>";
		};
		188170471FFCCE0500A6F672 /* Products */ = {
			isa = PBXGroup;
			children = (
				188170461FFCCE0500A6F672 /* XHSSLayoutTool.app */,
				1881705E1FFCCE0500A6F672 /* XHSSLayoutToolTests.xctest */,
				188170691FFCCE0600A6F672 /* XHSSLayoutToolUITests.xctest */,
			);
			name = Products;
			sourceTree = "<group>";
		};
		188170481FFCCE0500A6F672 /* XHSSLayoutTool */ = {
			isa = PBXGroup;
			children = (
				1881707B1FFCCE3B00A6F672 /* XHSSLayout */,
				188170491FFCCE0500A6F672 /* AppDelegate.h */,
				1881704A1FFCCE0500A6F672 /* AppDelegate.m */,
				1881704C1FFCCE0500A6F672 /* ViewController.h */,
				1881704D1FFCCE0500A6F672 /* ViewController.m */,
				1881704F1FFCCE0500A6F672 /* Main.storyboard */,
				188170521FFCCE0500A6F672 /* Assets.xcassets */,
				188170541FFCCE0500A6F672 /* LaunchScreen.storyboard */,
				188170571FFCCE0500A6F672 /* Info.plist */,
				188170581FFCCE0500A6F672 /* main.m */,
			);
			path = XHSSLayoutTool;
			sourceTree = "<group>";
		};
		188170611FFCCE0600A6F672 /* XHSSLayoutToolTests */ = {
			isa = PBXGroup;
			children = (
				188170621FFCCE0600A6F672 /* XHSSLayoutToolTests.m */,
				188170641FFCCE0600A6F672 /* Info.plist */,
			);
			path = XHSSLayoutToolTests;
			sourceTree = "<group>";
		};
		1881706C1FFCCE0600A6F672 /* XHSSLayoutToolUITests */ = {
			isa = PBXGroup;
			children = (
				1881706D1FFCCE0600A6F672 /* XHSSLayoutToolUITests.m */,
				1881706F1FFCCE0600A6F672 /* Info.plist */,
			);
			path = XHSSLayoutToolUITests;
			sourceTree = "<group>";
		};
		1881707B1FFCCE3B00A6F672 /* XHSSLayout */ = {
			isa = PBXGroup;
			children = (
				1881707C1FFCCE3B00A6F672 /* UIView+XHSSFrameTool.h */,
				1881707D1FFCCE3B00A6F672 /* UIView+XHSSFrameTool.m */,
				1881707E1FFCCE3B00A6F672 /* UIView+XHSSLayoutTool.h */,
				1881707F1FFCCE3B00A6F672 /* UIView+XHSSLayoutTool.m */,
			);
			path = XHSSLayout;
			sourceTree = "<group>";
		};
/* End PBXGroup section */

/* Begin PBXNativeTarget section */
		188170451FFCCE0500A6F672 /* XHSSLayoutTool */ = {
			isa = PBXNativeTarget;
			buildConfigurationList = 188170721FFCCE0600A6F672 /* Build configuration list for PBXNativeTarget "XHSSLayoutTool" */;
			buildPhases = (
				188170421FFCCE0500A6F672 /* Sources */,
				188170431FFCCE0500A6F672 /* Frameworks */,
				188170441FFCCE0500A6F672 /* Resources */,
			);
			buildRules = (
			);
			dependencies = (
			);
			name = XHSSLayoutTool;
			productName = XHSSLayoutTool;
			productReference = 188170461FFCCE0500A6F672 /* XHSSLayoutTool.app */;
			productType = "com.apple.product-type.application";
		};
		1881705D1FFCCE0500A6F672 /* XHSSLayoutToolTests */ = {
			isa = PBXNativeTarget;
			buildConfigurationList = 188170751FFCCE0600A6F672 /* Build configuration list for PBXNativeTarget "XHSSLayoutToolTests" */;
			buildPhases = (
				1881705A1FFCCE0500A6F672 /* Sources */,
				1881705B1FFCCE0500A6F672 /* Frameworks */,
				1881705C1FFCCE0500A6F672 /* Resources */,
			);
			buildRules = (
			);
			dependencies = (
				188170601FFCCE0500A6F672 /* PBXTargetDependency */,
			);
			name = XHSSLayoutToolTests;
			productName = XHSSLayoutToolTests;
			productReference = 1881705E1FFCCE0500A6F672 /* XHSSLayoutToolTests.xctest */;
			productType = "com.apple.product-type.bundle.unit-test";
		};
		188170681FFCCE0600A6F672 /* XHSSLayoutToolUITests */ = {
			isa = PBXNativeTarget;
			buildConfigurationList = 188170781FFCCE0600A6F672 /* Build configuration list for PBXNativeTarget "XHSSLayoutToolUITests" */;
			buildPhases = (
				188170651FFCCE0600A6F672 /* Sources */,
				188170661FFCCE0600A6F672 /* Frameworks */,
				188170671FFCCE0600A6F672 /* Resources */,
			);
			buildRules = (
			);
			dependencies = (
				1881706B1FFCCE0600A6F672 /* PBXTargetDependency */,
			);
			name = XHSSLayoutToolUITests;
			productName = XHSSLayoutToolUITests;
			productReference = 188170691FFCCE0600A6F672 /* XHSSLayoutToolUITests.xctest */;
			productType = "com.apple.product-type.bundle.ui-testing";
		};
/* End PBXNativeTarget section */

/* Begin PBXProject section */
		1881703E1FFCCE0500A6F672 /* Project object */ = {
			isa = PBXProject;
			attributes = {
				LastUpgradeCheck = 0910;
				ORGANIZATIONNAME = XiaoHai;
				TargetAttributes = {
					188170451FFCCE0500A6F672 = {
						CreatedOnToolsVersion = 9.1;
						ProvisioningStyle = Automatic;
					};
					1881705D1FFCCE0500A6F672 = {
						CreatedOnToolsVersion = 9.1;
						ProvisioningStyle = Automatic;
						TestTargetID = 188170451FFCCE0500A6F672;
					};
					188170681FFCCE0600A6F672 = {
						CreatedOnToolsVersion = 9.1;
						ProvisioningStyle = Automatic;
						TestTargetID = 188170451FFCCE0500A6F672;
					};
				};
			};
			buildConfigurationList = 188170411FFCCE0500A6F672 /* Build configuration list for PBXProject "XHSSLayoutTool" */;
			compatibilityVersion = "Xcode 8.0";
			developmentRegion = en;
			hasScannedForEncodings = 0;
			knownRegions = (
				en,
				Base,
			);
			mainGroup = 1881703D1FFCCE0500A6F672;
			productRefGroup = 188170471FFCCE0500A6F672 /* Products */;
			projectDirPath = "";
			projectRoot = "";
			targets = (
				188170451FFCCE0500A6F672 /* XHSSLayoutTool */,
				1881705D1FFCCE0500A6F672 /* XHSSLayoutToolTests */,
				188170681FFCCE0600A6F672 /* XHSSLayoutToolUITests */,
			);
		};
/* End PBXProject section */

/* Begin PBXResourcesBuildPhase section */
		188170441FFCCE0500A6F672 /* Resources */ = {
			isa = PBXResourcesBuildPhase;
			buildActionMask = 2147483647;
			files = (
				188170561FFCCE0500A6F672 /* LaunchScreen.storyboard in Resources */,
				188170531FFCCE0500A6F672 /* Assets.xcassets in Resources */,
				188170511FFCCE0500A6F672 /* Main.storyboard in Resources */,
			);
			runOnlyForDeploymentPostprocessing = 0;
		};
		1881705C1FFCCE0500A6F672 /* Resources */ = {
			isa = PBXResourcesBuildPhase;
			buildActionMask = 2147483647;
			files = (
			);
			runOnlyForDeploymentPostprocessing = 0;
		};
		188170671FFCCE0600A6F672 /* Resources */ = {
			isa = PBXResourcesBuildPhase;
			buildActionMask = 2147483647;
			files = (
			);
			runOnlyForDeploymentPostprocessing = 0;
		};
/* End PBXResourcesBuildPhase section */

/* Begin PBXSourcesBuildPhase section */
		188170421FFCCE0500A6F672 /* Sources */ = {
			isa = PBXSourcesBuildPhase;
			buildActionMask = 2147483647;
			files = (
				188170801FFCCE3B00A6F672 /* UIView+XHSSFrameTool.m in Sources */,
				1881704E1FFCCE0500A6F672 /* ViewController.m in Sources */,
				188170591FFCCE0500A6F672 /* main.m in Sources */,
				1881704B1FFCCE0500A6F672 /* AppDelegate.m in Sources */,
				188170811FFCCE3B00A6F672 /* UIView+XHSSLayoutTool.m in Sources */,
			);
			runOnlyForDeploymentPostprocessing = 0;
		};
		1881705A1FFCCE0500A6F672 /* Sources */ = {
			isa = PBXSourcesBuildPhase;
			buildActionMask = 2147483647;
			files = (
				188170631FFCCE0600A6F672 /* XHSSLayoutToolTests.m in Sources */,
			);
			runOnlyForDeploymentPostprocessing = 0;
		};
		188170651FFCCE0600A6F672 /* Sources */ = {
			isa = PBXSourcesBuildPhase;
			buildActionMask = 2147483647;
			files = (
				1881706E1FFCCE0600A6F672 /* XHSSLayoutToolUITests.m in Sources */,
			);
			runOnlyForDeploymentPostprocessing = 0;
		};
/* End PBXSourcesBuildPhase section */

/* Begin PBXTargetDependency section */
		188170601FFCCE0500A6F672 /* PBXTargetDependency */ = {
			isa = PBXTargetDependency;
			target = 188170451FFCCE0500A6F672 /* XHSSLayoutTool */;
			targetProxy = 1881705F1FFCCE0500A6F672 /* PBXContainerItemProxy */;
		};
		1881706B1FFCCE0600A6F672 /* PBXTargetDependency */ = {
			isa = PBXTargetDependency;
			target = 188170451FFCCE0500A6F672 /* XHSSLayoutTool */;
			targetProxy = 1881706A1FFCCE0600A6F672 /* PBXContainerItemProxy */;
		};
/* End PBXTargetDependency section */

/* Begin PBXVariantGroup section */
		1881704F1FFCCE0500A6F672 /* Main.storyboard */ = {
			isa = PBXVariantGroup;
			children = (
				188170501FFCCE0500A6F672 /* Base */,
			);
			name = Main.storyboard;
			sourceTree = "<group>";
		};
		188170541FFCCE0500A6F672 /* LaunchScreen.storyboard */ = {
			isa = PBXVariantGroup;
			children = (
				188170551FFCCE0500A6F672 /* Base */,
			);
			name = LaunchScreen.storyboard;
			sourceTree = "<group>";
		};
/* End PBXVariantGroup section */

/* Begin XCBuildConfiguration section */
		188170701FFCCE0600A6F672 /* Debug */ = {
			isa = XCBuildConfiguration;
			buildSettings = {
				ALWAYS_SEARCH_USER_PATHS = NO;
				CLANG_ANALYZER_NONNULL = YES;
				CLANG_ANALYZER_NUMBER_OBJECT_CONVERSION = YES_AGGRESSIVE;
				CLANG_CXX_LANGUAGE_STANDARD = "gnu++14";
				CLANG_CXX_LIBRARY = "libc++";
				CLANG_ENABLE_MODULES = YES;
				CLANG_ENABLE_OBJC_ARC = YES;
				CLANG_WARN_BLOCK_CAPTURE_AUTORELEASING = YES;
				CLANG_WARN_BOOL_CONVERSION = YES;
				CLANG_WARN_COMMA = YES;
				CLANG_WARN_CONSTANT_CONVERSION = YES;
				CLANG_WARN_DIRECT_OBJC_ISA_USAGE = YES_ERROR;
				CLANG_WARN_DOCUMENTATION_COMMENTS = YES;
				CLANG_WARN_EMPTY_BODY = YES;
				CLANG_WARN_ENUM_CONVERSION = YES;
				CLANG_WARN_INFINITE_RECURSION = YES;
				CLANG_WARN_INT_CONVERSION = YES;
				CLANG_WARN_NON_LITERAL_NULL_CONVERSION = YES;
				CLANG_WARN_OBJC_LITERAL_CONVERSION = YES;
				CLANG_WARN_OBJC_ROOT_CLASS = YES_ERROR;
				CLANG_WARN_RANGE_LOOP_ANALYSIS = YES;
				CLANG_WARN_STRICT_PROTOTYPES = YES;
				CLANG_WARN_SUSPICIOUS_MOVE = YES;
				CLANG_WARN_UNGUARDED_AVAILABILITY = YES_AGGRESSIVE;
				CLANG_WARN_UNREACHABLE_CODE = YES;
				CLANG_WARN__DUPLICATE_METHOD_MATCH = YES;
				CODE_SIGN_IDENTITY = "iPhone Developer";
				COPY_PHASE_STRIP = NO;
				DEBUG_INFORMATION_FORMAT = dwarf;
				ENABLE_STRICT_OBJC_MSGSEND = YES;
				ENABLE_TESTABILITY = YES;
				GCC_C_LANGUAGE_STANDARD = gnu11;
				GCC_DYNAMIC_NO_PIC = NO;
				GCC_NO_COMMON_BLOCKS = YES;
				GCC_OPTIMIZATION_LEVEL = 0;
				GCC_PREPROCESSOR_DEFINITIONS = (
					"DEBUG=1",
					"$(inherited)",
				);
				GCC_WARN_64_TO_32_BIT_CONVERSION = YES;
				GCC_WARN_ABOUT_RETURN_TYPE = YES_ERROR;
				GCC_WARN_UNDECLARED_SELECTOR = YES;
				GCC_WARN_UNINITIALIZED_AUTOS = YES_AGGRESSIVE;
				GCC_WARN_UNUSED_FUNCTION = YES;
				GCC_WARN_UNUSED_VARIABLE = YES;
				IPHONEOS_DEPLOYMENT_TARGET = 11.1;
				MTL_ENABLE_DEBUG_INFO = YES;
				ONLY_ACTIVE_ARCH = YES;
				SDKROOT = iphoneos;
			};
			name = Debug;
		};
		188170711FFCCE0600A6F672 /* Release */ = {
			isa = XCBuildConfiguration;
			buildSettings = {
				ALWAYS_SEARCH_USER_PATHS = NO;
				CLANG_ANALYZER_NONNULL = YES;
				CLANG_ANALYZER_NUMBER_OBJECT_CONVERSION = YES_AGGRESSIVE;
				CLANG_CXX_LANGUAGE_STANDARD = "gnu++14";
				CLANG_CXX_LIBRARY = "libc++";
				CLANG_ENABLE_MODULES = YES;
				CLANG_ENABLE_OBJC_ARC = YES;
				CLANG_WARN_BLOCK_CAPTURE_AUTORELEASING = YES;
				CLANG_WARN_BOOL_CONVERSION = YES;
				CLANG_WARN_COMMA = YES;
				CLANG_WARN_CONSTANT_CONVERSION = YES;
				CLANG_WARN_DIRECT_OBJC_ISA_USAGE = YES_ERROR;
				CLANG_WARN_DOCUMENTATION_COMMENTS = YES;
				CLANG_WARN_EMPTY_BODY = YES;
				CLANG_WARN_ENUM_CONVERSION = YES;
				CLANG_WARN_INFINITE_RECURSION = YES;
				CLANG_WARN_INT_CONVERSION = YES;
				CLANG_WARN_NON_LITERAL_NULL_CONVERSION = YES;
				CLANG_WARN_OBJC_LITERAL_CONVERSION = YES;
				CLANG_WARN_OBJC_ROOT_CLASS = YES_ERROR;
				CLANG_WARN_RANGE_LOOP_ANALYSIS = YES;
				CLANG_WARN_STRICT_PROTOTYPES = YES;
				CLANG_WARN_SUSPICIOUS_MOVE = YES;
				CLANG_WARN_UNGUARDED_AVAILABILITY = YES_AGGRESSIVE;
				CLANG_WARN_UNREACHABLE_CODE = YES;
				CLANG_WARN__DUPLICATE_METHOD_MATCH = YES;
				CODE_SIGN_IDENTITY = "iPhone Developer";
				COPY_PHASE_STRIP = NO;
				DEBUG_INFORMATION_FORMAT = "dwarf-with-dsym";
				ENABLE_NS_ASSERTIONS = NO;
				ENABLE_STRICT_OBJC_MSGSEND = YES;
				GCC_C_LANGUAGE_STANDARD = gnu11;
				GCC_NO_COMMON_BLOCKS = YES;
				GCC_WARN_64_TO_32_BIT_CONVERSION = YES;
				GCC_WARN_ABOUT_RETURN_TYPE = YES_ERROR;
				GCC_WARN_UNDECLARED_SELECTOR = YES;
				GCC_WARN_UNINITIALIZED_AUTOS = YES_AGGRESSIVE;
				GCC_WARN_UNUSED_FUNCTION = YES;
				GCC_WARN_UNUSED_VARIABLE = YES;
				IPHONEOS_DEPLOYMENT_TARGET = 11.1;
				MTL_ENABLE_DEBUG_INFO = NO;
				SDKROOT = iphoneos;
				VALIDATE_PRODUCT = YES;
			};
			name = Release;
		};
		188170731FFCCE0600A6F672 /* Debug */ = {
			isa = XCBuildConfiguration;
			buildSettings = {
				ASSETCATALOG_COMPILER_APPICON_NAME = AppIcon;
				CODE_SIGN_STYLE = Automatic;
				INFOPLIST_FILE = XHSSLayoutTool/Info.plist;
				LD_RUNPATH_SEARCH_PATHS = "$(inherited) @executable_path/Frameworks";
				PRODUCT_BUNDLE_IDENTIFIER = XiaoHai.XHSSLayoutTool;
				PRODUCT_NAME = "$(TARGET_NAME)";
				TARGETED_DEVICE_FAMILY = "1,2";
			};
			name = Debug;
		};
		188170741FFCCE0600A6F672 /* Release */ = {
			isa = XCBuildConfiguration;
			buildSettings = {
				ASSETCATALOG_COMPILER_APPICON_NAME = AppIcon;
				CODE_SIGN_STYLE = Automatic;
				INFOPLIST_FILE = XHSSLayoutTool/Info.plist;
				LD_RUNPATH_SEARCH_PATHS = "$(inherited) @executable_path/Frameworks";
				PRODUCT_BUNDLE_IDENTIFIER = XiaoHai.XHSSLayoutTool;
				PRODUCT_NAME = "$(TARGET_NAME)";
				TARGETED_DEVICE_FAMILY = "1,2";
			};
			name = Release;
		};
		188170761FFCCE0600A6F672 /* Debug */ = {
			isa = XCBuildConfiguration;
			buildSettings = {
				BUNDLE_LOADER = "$(TEST_HOST)";
				CODE_SIGN_STYLE = Automatic;
				INFOPLIST_FILE = XHSSLayoutToolTests/Info.plist;
				LD_RUNPATH_SEARCH_PATHS = "$(inherited) @executable_path/Frameworks @loader_path/Frameworks";
				PRODUCT_BUNDLE_IDENTIFIER = XiaoHai.XHSSLayoutToolTests;
				PRODUCT_NAME = "$(TARGET_NAME)";
				TARGETED_DEVICE_FAMILY = "1,2";
				TEST_HOST = "$(BUILT_PRODUCTS_DIR)/XHSSLayoutTool.app/XHSSLayoutTool";
			};
			name = Debug;
		};
		188170771FFCCE0600A6F672 /* Release */ = {
			isa = XCBuildConfiguration;
			buildSettings = {
				BUNDLE_LOADER = "$(TEST_HOST)";
				CODE_SIGN_STYLE = Automatic;
				INFOPLIST_FILE = XHSSLayoutToolTests/Info.plist;
				LD_RUNPATH_SEARCH_PATHS = "$(inherited) @executable_path/Frameworks @loader_path/Frameworks";
				PRODUCT_BUNDLE_IDENTIFIER = XiaoHai.XHSSLayoutToolTests;
				PRODUCT_NAME = "$(TARGET_NAME)";
				TARGETED_DEVICE_FAMILY = "1,2";
				TEST_HOST = "$(BUILT_PRODUCTS_DIR)/XHSSLayoutTool.app/XHSSLayoutTool";
			};
			name = Release;
		};
		188170791FFCCE0600A6F672 /* Debug */ = {
			isa = XCBuildConfiguration;
			buildSettings = {
				CODE_SIGN_STYLE = Automatic;
				INFOPLIST_FILE = XHSSLayoutToolUITests/Info.plist;
				LD_RUNPATH_SEARCH_PATHS = "$(inherited) @executable_path/Frameworks @loader_path/Frameworks";
				PRODUCT_BUNDLE_IDENTIFIER = XiaoHai.XHSSLayoutToolUITests;
				PRODUCT_NAME = "$(TARGET_NAME)";
				TARGETED_DEVICE_FAMILY = "1,2";
				TEST_TARGET_NAME = XHSSLayoutTool;
			};
			name = Debug;
		};
		1881707A1FFCCE0600A6F672 /* Release */ = {
			isa = XCBuildConfiguration;
			buildSettings = {
				CODE_SIGN_STYLE = Automatic;
				INFOPLIST_FILE = XHSSLayoutToolUITests/Info.plist;
				LD_RUNPATH_SEARCH_PATHS = "$(inherited) @executable_path/Frameworks @loader_path/Frameworks";
				PRODUCT_BUNDLE_IDENTIFIER = XiaoHai.XHSSLayoutToolUITests;
				PRODUCT_NAME = "$(TARGET_NAME)";
				TARGETED_DEVICE_FAMILY = "1,2";
				TEST_TARGET_NAME = XHSSLayoutTool;
			};
			name = Release;
		};
/* End XCBuildConfiguration section */

/* Begin XCConfigurationList section */
		188170411FFCCE0500A6F672 /* Build configuration list for PBXProject "XHSSLayoutTool" */ = {
			isa = XCConfigurationList;
			buildConfigurations = (
				188170701FFCCE0600A6F672 /* Debug */,
				188170711FFCCE0600A6F672 /* Release */,
			);
			defaultConfigurationIsVisible = 0;
			defaultConfigurationName = Release;
		};
		188170721FFCCE0600A6F672 /* Build configuration list for PBXNativeTarget "XHSSLayoutTool" */ = {
			isa = XCConfigurationList;
			buildConfigurations = (
				188170731FFCCE0600A6F672 /* Debug */,
				188170741FFCCE0600A6F672 /* Release */,
			);
			defaultConfigurationIsVisible = 0;
			defaultConfigurationName = Release;
		};
		188170751FFCCE0600A6F672 /* Build configuration list for PBXNativeTarget "XHSSLayoutToolTests" */ = {
			isa = XCConfigurationList;
			buildConfigurations = (
				188170761FFCCE0600A6F672 /* Debug */,
				188170771FFCCE0600A6F672 /* Release */,
			);
			defaultConfigurationIsVisible = 0;
			defaultConfigurationName = Release;
		};
		188170781FFCCE0600A6F672 /* Build configuration list for PBXNativeTarget "XHSSLayoutToolUITests" */ = {
			isa = XCConfigurationList;
			buildConfigurations = (
				188170791FFCCE0600A6F672 /* Debug */,
				1881707A1FFCCE0600A6F672 /* Release */,
			);
			defaultConfigurationIsVisible = 0;
			defaultConfigurationName = Release;
		};
/* End XCConfigurationList section */
	};
	rootObject = 1881703E1FFCCE0500A6F672 /* Project object */;
}
